
Microsoft Visual Studio Solution File, Format Version 12.00
# Visual Studio Version 16
VisualStudioVersion = 16.0.31229.75
MinimumVisualStudioVersion = 10.0.40219.1
Project("{9A19103F-16F7-4668-BE54-9A1E7A4F7556}") = "Gourmet", "ConsoleApp1\Gourmet.csproj", "{5C9A430A-4802-4C56-A310-6EAE0EF7F592}"
EndProject
Project("{FAE04EC0-301F-11D3-BF4B-00C04F79EFBC}") = "Gourmet.Tests", "Gourmet.Tests\Gourmet.Tests.csproj", "{5BEAA140-63BF-4793-84FE-BD51B496210C}"
EndProject
Global
	GlobalSection(SolutionConfigurationPlatforms) = preSolution
		Debug|Any CPU = Debug|Any CPU
		Release|Any CPU = Release|Any CPU
	EndGlobalSection
	GlobalSection(ProjectConfigurationPlatforms) = postSolution
		{5C9A430A-4802-4C56-A310-6EAE0EF7F592}.Debug|Any CPU.ActiveCfg = Debug|Any CPU
		{5C9A430A-4802-4C56-A310-6EAE0EF7F592}.Debug|Any CPU.Build.0 = Debug|Any CPU
		{5C9A430A-4802-4C56-A310-6EAE0EF7F592}.Release|Any CPU.ActiveCfg = Release|Any CPU
		{5C9A430A-4802-4C56-A310-6EAE0EF7F592}.Release|Any CPU.Build.0 = Release|Any CPU
		{5BEAA140-63BF-4793-84FE-BD51B496210C}.Debug|Any CPU.ActiveCfg = Debug|Any CPU
		{5BEAA140-63BF-4793-84FE-BD51B496210C}.Debug|Any CPU.Build.0 = Debug|Any CPU
		{5BEAA140-63BF-4793-84FE-BD51B496210C}.Release|Any CPU.ActiveCfg = Release|Any CPU
		{5BEAA140-63BF-4793-84FE-BD51B496210C}.Release|Any CPU.Build.0 = Release|Any CPU
	EndGlobalSection
	GlobalSection(SolutionProperties) = preSolution
		HideSolutionNode = FALSE
	EndGlobalSection
	GlobalSection(ExtensibilityGlobals) = postSolution
		SolutionGuid = {1C8DB3F4-1164-4A47-9CA8-25C77D02DE4A}
	EndGlobalSection
EndGlobal
